
Microsoft Visual Studio Solution File, Format Version 12.00
# Visual Studio Version 17
VisualStudioVersion = 17.6.33723.286
MinimumVisualStudioVersion = 10.0.40219.1
Project("{FAE04EC0-301F-11D3-BF4B-00C04F79EFBC}") = "FilterDemo", "FilterDemo\FilterDemo.csproj", "{70EAD301-1091-4FF6-8592-957502995769}"
EndProject
Global
	GlobalSection(SolutionConfigurationPlatforms) = preSolution
		Debug|Any CPU = Debug|Any CPU
		Release|Any CPU = Release|Any CPU
	EndGlobalSection
	GlobalSection(ProjectConfigurationPlatforms) = postSolution
		{70EAD301-1091-4FF6-8592-957502995769}.Debug|Any CPU.ActiveCfg = Debug|Any CPU
		{70EAD301-1091-4FF6-8592-957502995769}.Debug|Any CPU.Build.0 = Debug|Any CPU
		{70EAD301-1091-4FF6-8592-957502995769}.Release|Any CPU.ActiveCfg = Release|Any CPU
		{70EAD301-1091-4FF6-8592-957502995769}.Release|Any CPU.Build.0 = Release|Any CPU
	EndGlobalSection
	GlobalSection(SolutionProperties) = preSolution
		HideSolutionNode = FALSE
	EndGlobalSection
	GlobalSection(ExtensibilityGlobals) = postSolution
		SolutionGuid = {4E2924E7-EA83-49DD-8B2A-938BD0646981}
	EndGlobalSection
EndGlobal
